
Microsoft Visual Studio Solution File, Format Version 12.00
# Visual Studio Version 16
VisualStudioVersion = 16.0.31605.320
MinimumVisualStudioVersion = 10.0.40219.1
Project("{FAE04EC0-301F-11D3-BF4B-00C04F79EFBC}") = "EmployeeWage", "EmployeeWage\EmployeeWage.csproj", "{89D9BF11-95C4-4F27-96CF-D06FDB59EEED}"
EndProject
Global
	GlobalSection(SolutionConfigurationPlatforms) = preSolution
		Debug|Any CPU = Debug|Any CPU
		Release|Any CPU = Release|Any CPU
	EndGlobalSection
	GlobalSection(ProjectConfigurationPlatforms) = postSolution
		{89D9BF11-95C4-4F27-96CF-D06FDB59EEED}.Debug|Any CPU.ActiveCfg = Debug|Any CPU
		{89D9BF11-95C4-4F27-96CF-D06FDB59EEED}.Debug|Any CPU.Build.0 = Debug|Any CPU
		{89D9BF11-95C4-4F27-96CF-D06FDB59EEED}.Release|Any CPU.ActiveCfg = Release|Any CPU
		{89D9BF11-95C4-4F27-96CF-D06FDB59EEED}.Release|Any CPU.Build.0 = Release|Any CPU
	EndGlobalSection
	GlobalSection(SolutionProperties) = preSolution
		HideSolutionNode = FALSE
	EndGlobalSection
	GlobalSection(ExtensibilityGlobals) = postSolution
		SolutionGuid = {628E0327-CB23-456C-AFA8-D4F7BB837365}
	EndGlobalSection
EndGlobal
